
Microsoft Visual Studio Solution File, Format Version 12.00
# Visual Studio Version 17
VisualStudioVersion = 17.13.35825.156 d17.13
MinimumVisualStudioVersion = 10.0.40219.1
Project("{FAE04EC0-301F-11D3-BF4B-00C04F79EFBC}") = "Exa_project", "Exa_project.csproj", "{7D4524BA-551D-4CC6-BD25-83CFD1996D34}"
EndProject
Global
	GlobalSection(SolutionConfigurationPlatforms) = preSolution
		Debug|Any CPU = Debug|Any CPU
		Release|Any CPU = Release|Any CPU
	EndGlobalSection
	GlobalSection(ProjectConfigurationPlatforms) = postSolution
		{7D4524BA-551D-4CC6-BD25-83CFD1996D34}.Debug|Any CPU.ActiveCfg = Debug|Any CPU
		{7D4524BA-551D-4CC6-BD25-83CFD1996D34}.Debug|Any CPU.Build.0 = Debug|Any CPU
		{7D4524BA-551D-4CC6-BD25-83CFD1996D34}.Release|Any CPU.ActiveCfg = Release|Any CPU
		{7D4524BA-551D-4CC6-BD25-83CFD1996D34}.Release|Any CPU.Build.0 = Release|Any CPU
	EndGlobalSection
	GlobalSection(SolutionProperties) = preSolution
		HideSolutionNode = FALSE
	EndGlobalSection
	GlobalSection(ExtensibilityGlobals) = postSolution
		SolutionGuid = {F3550AB8-246A-4D0A-8E7B-3FE59B3F197C}
	EndGlobalSection
EndGlobal
